// !$*UTF8*$!
{
	archiveVersion = 1;
	classes = {
	};
	objectVersion = 77;
	objects = {

/* Begin PBXBuildFile section */
		2C7C86672E04760E006A9728 /* RevenueCat in Frameworks */ = {isa = PBXBuildFile; productRef = 2C7C86662E04760E006A9728 /* RevenueCat */; };
		2C86AE3D2E015FB9000A71E2 /* MLX in Frameworks */ = {isa = PBXBuildFile; productRef = 2C86AE3C2E015FB9000A71E2 /* MLX */; };
		2C86AE3F2E015FB9000A71E2 /* MLXFFT in Frameworks */ = {isa = PBXBuildFile; productRef = 2C86AE3E2E015FB9000A71E2 /* MLXFFT */; };
		2C86AE412E015FB9000A71E2 /* MLXLinalg in Frameworks */ = {isa = PBXBuildFile; productRef = 2C86AE402E015FB9000A71E2 /* MLXLinalg */; };
		2C86AE432E015FB9000A71E2 /* MLXNN in Frameworks */ = {isa = PBXBuildFile; productRef = 2C86AE422E015FB9000A71E2 /* MLXNN */; };
		2C9298B82E01EFFF008FA7C5 /* MLXLLM in Frameworks */ = {isa = PBXBuildFile; productRef = 2C9298B72E01EFFF008FA7C5 /* MLXLLM */; };
		2C9298BA2E01EFFF008FA7C5 /* MLXLMCommon in Frameworks */ = {isa = PBXBuildFile; productRef = 2C9298B92E01EFFF008FA7C5 /* MLXLMCommon */; };
		2CA5C5B12DEE412F002AD8E9 /* GRDB in Frameworks */ = {isa = PBXBuildFile; productRef = 2CA5C5B02DEE412F002AD8E9 /* GRDB */; };
/* End PBXBuildFile section */

/* Begin PBXContainerItemProxy section */
		2C559F642DEE4BA600CE07A5 /* PBXContainerItemProxy */ = {
			isa = PBXContainerItemProxy;
			containerPortal = 2C9B04062DEE3F3000085429 /* Project object */;
			proxyType = 1;
			remoteGlobalIDString = 2C9B040D2DEE3F3000085429;
			remoteInfo = aotd;
		};
/* End PBXContainerItemProxy section */

/* Begin PBXFileReference section */
		2C559F602DEE4BA600CE07A5 /* aotdTests.xctest */ = {isa = PBXFileReference; explicitFileType = wrapper.cfbundle; includeInIndex = 0; path = aotdTests.xctest; sourceTree = BUILT_PRODUCTS_DIR; };
		2C9B040E2DEE3F3000085429 /* aotd.app */ = {isa = PBXFileReference; explicitFileType = wrapper.application; includeInIndex = 0; path = aotd.app; sourceTree = BUILT_PRODUCTS_DIR; };
/* End PBXFileReference section */

/* Begin PBXFileSystemSynchronizedBuildFileExceptionSet section */
		2C7C87B82E04C9AE006A9728 /* Exceptions for "aotd" folder in "aotdTests" target */ = {
			isa = PBXFileSystemSynchronizedBuildFileExceptionSet;
			membershipExceptions = (
				Resources/achievements.json,
				"Resources/belief_systems/aboriginal-dreamtime.json",
				Resources/belief_systems/anthroposophy.json,
				"Resources/belief_systems/aztec-mictlan.json",
				Resources/belief_systems/bahai.json,
				Resources/belief_systems/buddhism.json,
				Resources/belief_systems/christianity.json,
				"Resources/belief_systems/egyptian-afterlife.json",
				"Resources/belief_systems/greek-underworld.json",
				Resources/belief_systems/hinduism.json,
				Resources/belief_systems/islam.json,
				Resources/belief_systems/judaism.json,
				Resources/belief_systems/mandaeism.json,
				"Resources/belief_systems/native-american-visions.json",
				Resources/belief_systems/norse.json,
				Resources/belief_systems/shinto.json,
				Resources/belief_systems/sikhism.json,
				"Resources/belief_systems/swedenborgian-visions.json",
				Resources/belief_systems/taoism.json,
				Resources/belief_systems/tenrikyo.json,
				Resources/belief_systems/theosophy.json,
				Resources/belief_systems/wicca.json,
				Resources/belief_systems/zoroastrianism.json,
				Resources/deity_prompts.json,
			);
			target = 2C559F5F2DEE4BA600CE07A5 /* aotdTests */;
		};
		2CA5C5D62DEE42EC002AD8E9 /* Exceptions for "aotd" folder in "aotd" target */ = {
			isa = PBXFileSystemSynchronizedBuildFileExceptionSet;
			membershipExceptions = (
				Resources/Info.plist,
			);
			target = 2C9B040D2DEE3F3000085429 /* aotd */;
		};
/* End PBXFileSystemSynchronizedBuildFileExceptionSet section */

/* Begin PBXFileSystemSynchronizedRootGroup section */
		2C559F612DEE4BA600CE07A5 /* aotdTests */ = {
			isa = PBXFileSystemSynchronizedRootGroup;
			path = aotdTests;
			sourceTree = "<group>";
		};
		2C9B04102DEE3F3000085429 /* aotd */ = {
			isa = PBXFileSystemSynchronizedRootGroup;
			exceptions = (
				2CA5C5D62DEE42EC002AD8E9 /* Exceptions for "aotd" folder in "aotd" target */,
				2C7C87B82E04C9AE006A9728 /* Exceptions for "aotd" folder in "aotdTests" target */,
			);
			path = aotd;
			sourceTree = "<group>";
		};
/* End PBXFileSystemSynchronizedRootGroup section */

/* Begin PBXFrameworksBuildPhase section */
		2C559F5D2DEE4BA600CE07A5 /* Frameworks */ = {
			isa = PBXFrameworksBuildPhase;
			buildActionMask = 2147483647;
			files = (
			);
			runOnlyForDeploymentPostprocessing = 0;
		};
		2C9B040B2DEE3F3000085429 /* Frameworks */ = {
			isa = PBXFrameworksBuildPhase;
			buildActionMask = 2147483647;
			files = (
				2C9298B82E01EFFF008FA7C5 /* MLXLLM in Frameworks */,
				2C86AE3D2E015FB9000A71E2 /* MLX in Frameworks */,
				2C86AE412E015FB9000A71E2 /* MLXLinalg in Frameworks */,
				2CA5C5B12DEE412F002AD8E9 /* GRDB in Frameworks */,
				2C7C86672E04760E006A9728 /* RevenueCat in Frameworks */,
				2C86AE432E015FB9000A71E2 /* MLXNN in Frameworks */,
				2C86AE3F2E015FB9000A71E2 /* MLXFFT in Frameworks */,
				2C9298BA2E01EFFF008FA7C5 /* MLXLMCommon in Frameworks */,
			);
			runOnlyForDeploymentPostprocessing = 0;
		};
/* End PBXFrameworksBuildPhase section */

/* Begin PBXGroup section */
		2C9B04052DEE3F3000085429 = {
			isa = PBXGroup;
			children = (
				2C9B04102DEE3F3000085429 /* aotd */,
				2C559F612DEE4BA600CE07A5 /* aotdTests */,
				2C9B040F2DEE3F3000085429 /* Products */,
			);
			sourceTree = "<group>";
		};
		2C9B040F2DEE3F3000085429 /* Products */ = {
			isa = PBXGroup;
			children = (
				2C9B040E2DEE3F3000085429 /* aotd.app */,
				2C559F602DEE4BA600CE07A5 /* aotdTests.xctest */,
			);
			name = Products;
			sourceTree = "<group>";
		};
/* End PBXGroup section */

/* Begin PBXNativeTarget section */
		2C559F5F2DEE4BA600CE07A5 /* aotdTests */ = {
			isa = PBXNativeTarget;
			buildConfigurationList = 2C559F682DEE4BA600CE07A5 /* Build configuration list for PBXNativeTarget "aotdTests" */;
			buildPhases = (
				2C559F5C2DEE4BA600CE07A5 /* Sources */,
				2C559F5D2DEE4BA600CE07A5 /* Frameworks */,
				2C559F5E2DEE4BA600CE07A5 /* Resources */,
			);
			buildRules = (
			);
			dependencies = (
				2C559F652DEE4BA600CE07A5 /* PBXTargetDependency */,
			);
			fileSystemSynchronizedGroups = (
				2C559F612DEE4BA600CE07A5 /* aotdTests */,
			);
			name = aotdTests;
			packageProductDependencies = (
			);
			productName = aotdTests;
			productReference = 2C559F602DEE4BA600CE07A5 /* aotdTests.xctest */;
			productType = "com.apple.product-type.bundle.unit-test";
		};
		2C9B040D2DEE3F3000085429 /* aotd */ = {
			isa = PBXNativeTarget;
			buildConfigurationList = 2C9B04212DEE3F3200085429 /* Build configuration list for PBXNativeTarget "aotd" */;
			buildPhases = (
				2C9B040A2DEE3F3000085429 /* Sources */,
				2C9B040B2DEE3F3000085429 /* Frameworks */,
				2C9B040C2DEE3F3000085429 /* Resources */,
			);
			buildRules = (
			);
			dependencies = (
			);
			fileSystemSynchronizedGroups = (
				2C9B04102DEE3F3000085429 /* aotd */,
			);
			name = aotd;
			packageProductDependencies = (
				2CA5C5B02DEE412F002AD8E9 /* GRDB */,
				2C86AE3C2E015FB9000A71E2 /* MLX */,
				2C86AE3E2E015FB9000A71E2 /* MLXFFT */,
				2C86AE402E015FB9000A71E2 /* MLXLinalg */,
				2C86AE422E015FB9000A71E2 /* MLXNN */,
				2C9298B72E01EFFF008FA7C5 /* MLXLLM */,
				2C9298B92E01EFFF008FA7C5 /* MLXLMCommon */,
				2C7C86662E04760E006A9728 /* RevenueCat */,
			);
			productName = aotd;
			productReference = 2C9B040E2DEE3F3000085429 /* aotd.app */;
			productType = "com.apple.product-type.application";
		};
/* End PBXNativeTarget section */

/* Begin PBXProject section */
		2C9B04062DEE3F3000085429 /* Project object */ = {
			isa = PBXProject;
			attributes = {
				BuildIndependentTargetsInParallel = 1;
				LastSwiftUpdateCheck = 1620;
				LastUpgradeCheck = 1620;
				TargetAttributes = {
					2C559F5F2DEE4BA600CE07A5 = {
						CreatedOnToolsVersion = 16.2;
						TestTargetID = 2C9B040D2DEE3F3000085429;
					};
					2C9B040D2DEE3F3000085429 = {
						CreatedOnToolsVersion = 16.2;
					};
				};
			};
			buildConfigurationList = 2C9B04092DEE3F3000085429 /* Build configuration list for PBXProject "aotd" */;
			developmentRegion = en;
			hasScannedForEncodings = 0;
			knownRegions = (
				en,
				Base,
			);
			mainGroup = 2C9B04052DEE3F3000085429;
			minimizedProjectReferenceProxies = 1;
			packageReferences = (
				2CA5C5AF2DEE412F002AD8E9 /* XCRemoteSwiftPackageReference "GRDB.swift" */,
				2C86AE3B2E015FB9000A71E2 /* XCRemoteSwiftPackageReference "mlx-swift" */,
				2C9298B62E01EFFF008FA7C5 /* XCRemoteSwiftPackageReference "mlx-swift-examples" */,
				2C7C86652E04760E006A9728 /* XCRemoteSwiftPackageReference "purchases-ios-spm" */,
			);
			preferredProjectObjectVersion = 77;
			productRefGroup = 2C9B040F2DEE3F3000085429 /* Products */;
			projectDirPath = "";
			projectRoot = "";
			targets = (
				2C9B040D2DEE3F3000085429 /* aotd */,
				2C559F5F2DEE4BA600CE07A5 /* aotdTests */,
			);
		};
/* End PBXProject section */

/* Begin PBXResourcesBuildPhase section */
		2C559F5E2DEE4BA600CE07A5 /* Resources */ = {
			isa = PBXResourcesBuildPhase;
			buildActionMask = 2147483647;
			files = (
			);
			runOnlyForDeploymentPostprocessing = 0;
		};
		2C9B040C2DEE3F3000085429 /* Resources */ = {
			isa = PBXResourcesBuildPhase;
			buildActionMask = 2147483647;
			files = (
			);
			runOnlyForDeploymentPostprocessing = 0;
		};
/* End PBXResourcesBuildPhase section */

/* Begin PBXSourcesBuildPhase section */
		2C559F5C2DEE4BA600CE07A5 /* Sources */ = {
			isa = PBXSourcesBuildPhase;
			buildActionMask = 2147483647;
			files = (
			);
			runOnlyForDeploymentPostprocessing = 0;
		};
		2C9B040A2DEE3F3000085429 /* Sources */ = {
			isa = PBXSourcesBuildPhase;
			buildActionMask = 2147483647;
			files = (
			);
			runOnlyForDeploymentPostprocessing = 0;
		};
/* End PBXSourcesBuildPhase section */

/* Begin PBXTargetDependency section */
		2C559F652DEE4BA600CE07A5 /* PBXTargetDependency */ = {
			isa = PBXTargetDependency;
			target = 2C9B040D2DEE3F3000085429 /* aotd */;
			targetProxy = 2C559F642DEE4BA600CE07A5 /* PBXContainerItemProxy */;
		};
/* End PBXTargetDependency section */

/* Begin XCBuildConfiguration section */
		2C559F662DEE4BA600CE07A5 /* Debug */ = {
			isa = XCBuildConfiguration;
			buildSettings = {
				BUNDLE_LOADER = "$(TEST_HOST)";
				CODE_SIGN_STYLE = Automatic;
				CURRENT_PROJECT_VERSION = 1;
				DEVELOPMENT_TEAM = P4DQK6SRKR;
				GENERATE_INFOPLIST_FILE = YES;
				MARKETING_VERSION = 1.0;
				PRODUCT_BUNDLE_IDENTIFIER = com.marcusziade.aotdTests;
				PRODUCT_NAME = "$(TARGET_NAME)";
				SUPPORTED_PLATFORMS = "iphoneos iphonesimulator";
				SUPPORTS_MACCATALYST = NO;
				SUPPORTS_MAC_DESIGNED_FOR_IPHONE_IPAD = NO;
				SUPPORTS_XR_DESIGNED_FOR_IPHONE_IPAD = NO;
				SWIFT_EMIT_LOC_STRINGS = NO;
				SWIFT_VERSION = 5.0;
				TARGETED_DEVICE_FAMILY = 1;
				TEST_HOST = "$(BUILT_PRODUCTS_DIR)/aotd.app/$(BUNDLE_EXECUTABLE_FOLDER_PATH)/aotd";
			};
			name = Debug;
		};
		2C559F672DEE4BA600CE07A5 /* Release */ = {
			isa = XCBuildConfiguration;
			buildSettings = {
				BUNDLE_LOADER = "$(TEST_HOST)";
				CODE_SIGN_STYLE = Automatic;
				CURRENT_PROJECT_VERSION = 1;
				DEVELOPMENT_TEAM = P4DQK6SRKR;
				GENERATE_INFOPLIST_FILE = YES;
				MARKETING_VERSION = 1.0;
				PRODUCT_BUNDLE_IDENTIFIER = com.marcusziade.aotdTests;
				PRODUCT_NAME = "$(TARGET_NAME)";
				SUPPORTED_PLATFORMS = "iphoneos iphonesimulator";
				SUPPORTS_MACCATALYST = NO;
				SUPPORTS_MAC_DESIGNED_FOR_IPHONE_IPAD = NO;
				SUPPORTS_XR_DESIGNED_FOR_IPHONE_IPAD = NO;
				SWIFT_EMIT_LOC_STRINGS = NO;
				SWIFT_VERSION = 5.0;
				TARGETED_DEVICE_FAMILY = 1;
				TEST_HOST = "$(BUILT_PRODUCTS_DIR)/aotd.app/$(BUNDLE_EXECUTABLE_FOLDER_PATH)/aotd";
			};
			name = Release;
		};
		2C9B04222DEE3F3200085429 /* Debug */ = {
			isa = XCBuildConfiguration;
			buildSettings = {
				ASSETCATALOG_COMPILER_APPICON_NAME = AppIcon;
				ASSETCATALOG_COMPILER_GLOBAL_ACCENT_COLOR_NAME = AccentColor;
				CODE_SIGN_ENTITLEMENTS = aotd/aotd.entitlements;
				CODE_SIGN_STYLE = Automatic;
				CURRENT_PROJECT_VERSION = 1;
				DEVELOPMENT_TEAM = P4DQK6SRKR;
				GENERATE_INFOPLIST_FILE = YES;
				INFOPLIST_FILE = aotd/Resources/Info.plist;
				INFOPLIST_KEY_UIApplicationSupportsIndirectInputEvents = YES;
				INFOPLIST_KEY_UILaunchStoryboardName = LaunchScreen;
				INFOPLIST_KEY_UISupportedInterfaceOrientations = UIInterfaceOrientationPortrait;
				INFOPLIST_KEY_UISupportedInterfaceOrientations_iPad = "UIInterfaceOrientationLandscapeLeft UIInterfaceOrientationLandscapeRight UIInterfaceOrientationPortrait UIInterfaceOrientationPortraitUpsideDown";
				LD_RUNPATH_SEARCH_PATHS = (
					"$(inherited)",
					"@executable_path/Frameworks",
				);
				MARKETING_VERSION = 1.0;
				PRODUCT_BUNDLE_IDENTIFIER = com.marcusziade.aotd;
				PRODUCT_NAME = "$(TARGET_NAME)";
				SUPPORTED_PLATFORMS = "iphoneos iphonesimulator";
				SUPPORTS_MACCATALYST = NO;
				SUPPORTS_MAC_DESIGNED_FOR_IPHONE_IPAD = NO;
				SUPPORTS_XR_DESIGNED_FOR_IPHONE_IPAD = NO;
				SWIFT_EMIT_LOC_STRINGS = YES;
				SWIFT_VERSION = 5.0;
				TARGETED_DEVICE_FAMILY = "1,2";
			};
			name = Debug;
		};
		2C9B04232DEE3F3200085429 /* Release */ = {
			isa = XCBuildConfiguration;
			buildSettings = {
				ASSETCATALOG_COMPILER_APPICON_NAME = AppIcon;
				ASSETCATALOG_COMPILER_GLOBAL_ACCENT_COLOR_NAME = AccentColor;
				CODE_SIGN_ENTITLEMENTS = aotd/aotd.entitlements;
				CODE_SIGN_STYLE = Automatic;
				CURRENT_PROJECT_VERSION = 1;
				DEVELOPMENT_TEAM = P4DQK6SRKR;
				GENERATE_INFOPLIST_FILE = YES;
				INFOPLIST_FILE = aotd/Resources/Info.plist;
				INFOPLIST_KEY_UIApplicationSupportsIndirectInputEvents = YES;
				INFOPLIST_KEY_UILaunchStoryboardName = LaunchScreen;
				INFOPLIST_KEY_UISupportedInterfaceOrientations = UIInterfaceOrientationPortrait;
				INFOPLIST_KEY_UISupportedInterfaceOrientations_iPad = "UIInterfaceOrientationLandscapeLeft UIInterfaceOrientationLandscapeRight UIInterfaceOrientationPortrait UIInterfaceOrientationPortraitUpsideDown";
				LD_RUNPATH_SEARCH_PATHS = (
					"$(inherited)",
					"@executable_path/Frameworks",
				);
				MARKETING_VERSION = 1.0;
				PRODUCT_BUNDLE_IDENTIFIER = com.marcusziade.aotd;
				PRODUCT_NAME = "$(TARGET_NAME)";
				SUPPORTED_PLATFORMS = "iphoneos iphonesimulator";
				SUPPORTS_MACCATALYST = NO;
				SUPPORTS_MAC_DESIGNED_FOR_IPHONE_IPAD = NO;
				SUPPORTS_XR_DESIGNED_FOR_IPHONE_IPAD = NO;
				SWIFT_EMIT_LOC_STRINGS = YES;
				SWIFT_VERSION = 5.0;
				TARGETED_DEVICE_FAMILY = "1,2";
			};
			name = Release;
		};
		2C9B04242DEE3F3200085429 /* Debug */ = {
			isa = XCBuildConfiguration;
			buildSettings = {
				ALWAYS_SEARCH_USER_PATHS = NO;
				ASSETCATALOG_COMPILER_GENERATE_SWIFT_ASSET_SYMBOL_EXTENSIONS = YES;
				CLANG_ANALYZER_NONNULL = YES;
				CLANG_ANALYZER_NUMBER_OBJECT_CONVERSION = YES_AGGRESSIVE;
				CLANG_CXX_LANGUAGE_STANDARD = "gnu++20";
				CLANG_ENABLE_MODULES = YES;
				CLANG_ENABLE_OBJC_ARC = YES;
				CLANG_ENABLE_OBJC_WEAK = YES;
				CLANG_WARN_BLOCK_CAPTURE_AUTORELEASING = YES;
				CLANG_WARN_BOOL_CONVERSION = YES;
				CLANG_WARN_COMMA = YES;
				CLANG_WARN_CONSTANT_CONVERSION = YES;
				CLANG_WARN_DEPRECATED_OBJC_IMPLEMENTATIONS = YES;
				CLANG_WARN_DIRECT_OBJC_ISA_USAGE = YES_ERROR;
				CLANG_WARN_DOCUMENTATION_COMMENTS = YES;
				CLANG_WARN_EMPTY_BODY = YES;
				CLANG_WARN_ENUM_CONVERSION = YES;
				CLANG_WARN_INFINITE_RECURSION = YES;
				CLANG_WARN_INT_CONVERSION = YES;
				CLANG_WARN_NON_LITERAL_NULL_CONVERSION = YES;
				CLANG_WARN_OBJC_IMPLICIT_RETAIN_SELF = YES;
				CLANG_WARN_OBJC_LITERAL_CONVERSION = YES;
				CLANG_WARN_OBJC_ROOT_CLASS = YES_ERROR;
				CLANG_WARN_QUOTED_INCLUDE_IN_FRAMEWORK_HEADER = YES;
				CLANG_WARN_RANGE_LOOP_ANALYSIS = YES;
				CLANG_WARN_STRICT_PROTOTYPES = YES;
				CLANG_WARN_SUSPICIOUS_MOVE = YES;
				CLANG_WARN_UNGUARDED_AVAILABILITY = YES_AGGRESSIVE;
				CLANG_WARN_UNREACHABLE_CODE = YES;
				CLANG_WARN__DUPLICATE_METHOD_MATCH = YES;
				COPY_PHASE_STRIP = NO;
				DEBUG_INFORMATION_FORMAT = dwarf;
				ENABLE_STRICT_OBJC_MSGSEND = YES;
				ENABLE_TESTABILITY = YES;
				ENABLE_USER_SCRIPT_SANDBOXING = YES;
				GCC_C_LANGUAGE_STANDARD = gnu17;
				GCC_DYNAMIC_NO_PIC = NO;
				GCC_NO_COMMON_BLOCKS = YES;
				GCC_OPTIMIZATION_LEVEL = 0;
				GCC_PREPROCESSOR_DEFINITIONS = (
					"DEBUG=1",
					"$(inherited)",
				);
				GCC_WARN_64_TO_32_BIT_CONVERSION = YES;
				GCC_WARN_ABOUT_RETURN_TYPE = YES_ERROR;
				GCC_WARN_UNDECLARED_SELECTOR = YES;
				GCC_WARN_UNINITIALIZED_AUTOS = YES_AGGRESSIVE;
				GCC_WARN_UNUSED_FUNCTION = YES;
				GCC_WARN_UNUSED_VARIABLE = YES;
				IPHONEOS_DEPLOYMENT_TARGET = 18.2;
				LOCALIZATION_PREFERS_STRING_CATALOGS = YES;
				MTL_ENABLE_DEBUG_INFO = INCLUDE_SOURCE;
				MTL_FAST_MATH = YES;
				ONLY_ACTIVE_ARCH = YES;
				SDKROOT = iphoneos;
				SWIFT_ACTIVE_COMPILATION_CONDITIONS = "DEBUG $(inherited)";
				SWIFT_OPTIMIZATION_LEVEL = "-Onone";
			};
			name = Debug;
		};
		2C9B04252DEE3F3200085429 /* Release */ = {
			isa = XCBuildConfiguration;
			buildSettings = {
				ALWAYS_SEARCH_USER_PATHS = NO;
				ASSETCATALOG_COMPILER_GENERATE_SWIFT_ASSET_SYMBOL_EXTENSIONS = YES;
				CLANG_ANALYZER_NONNULL = YES;
				CLANG_ANALYZER_NUMBER_OBJECT_CONVERSION = YES_AGGRESSIVE;
				CLANG_CXX_LANGUAGE_STANDARD = "gnu++20";
				CLANG_ENABLE_MODULES = YES;
				CLANG_ENABLE_OBJC_ARC = YES;
				CLANG_ENABLE_OBJC_WEAK = YES;
				CLANG_WARN_BLOCK_CAPTURE_AUTORELEASING = YES;
				CLANG_WARN_BOOL_CONVERSION = YES;
				CLANG_WARN_COMMA = YES;
				CLANG_WARN_CONSTANT_CONVERSION = YES;
				CLANG_WARN_DEPRECATED_OBJC_IMPLEMENTATIONS = YES;
				CLANG_WARN_DIRECT_OBJC_ISA_USAGE = YES_ERROR;
				CLANG_WARN_DOCUMENTATION_COMMENTS = YES;
				CLANG_WARN_EMPTY_BODY = YES;
				CLANG_WARN_ENUM_CONVERSION = YES;
				CLANG_WARN_INFINITE_RECURSION = YES;
				CLANG_WARN_INT_CONVERSION = YES;
				CLANG_WARN_NON_LITERAL_NULL_CONVERSION = YES;
				CLANG_WARN_OBJC_IMPLICIT_RETAIN_SELF = YES;
				CLANG_WARN_OBJC_LITERAL_CONVERSION = YES;
				CLANG_WARN_OBJC_ROOT_CLASS = YES_ERROR;
				CLANG_WARN_QUOTED_INCLUDE_IN_FRAMEWORK_HEADER = YES;
				CLANG_WARN_RANGE_LOOP_ANALYSIS = YES;
				CLANG_WARN_STRICT_PROTOTYPES = YES;
				CLANG_WARN_SUSPICIOUS_MOVE = YES;
				CLANG_WARN_UNGUARDED_AVAILABILITY = YES_AGGRESSIVE;
				CLANG_WARN_UNREACHABLE_CODE = YES;
				CLANG_WARN__DUPLICATE_METHOD_MATCH = YES;
				COPY_PHASE_STRIP = NO;
				DEBUG_INFORMATION_FORMAT = "dwarf-with-dsym";
				ENABLE_NS_ASSERTIONS = NO;
				ENABLE_STRICT_OBJC_MSGSEND = YES;
				ENABLE_USER_SCRIPT_SANDBOXING = YES;
				GCC_C_LANGUAGE_STANDARD = gnu17;
				GCC_NO_COMMON_BLOCKS = YES;
				GCC_WARN_64_TO_32_BIT_CONVERSION = YES;
				GCC_WARN_ABOUT_RETURN_TYPE = YES_ERROR;
				GCC_WARN_UNDECLARED_SELECTOR = YES;
				GCC_WARN_UNINITIALIZED_AUTOS = YES_AGGRESSIVE;
				GCC_WARN_UNUSED_FUNCTION = YES;
				GCC_WARN_UNUSED_VARIABLE = YES;
				IPHONEOS_DEPLOYMENT_TARGET = 18.2;
				LOCALIZATION_PREFERS_STRING_CATALOGS = YES;
				MTL_ENABLE_DEBUG_INFO = NO;
				MTL_FAST_MATH = YES;
				SDKROOT = iphoneos;
				SWIFT_COMPILATION_MODE = wholemodule;
				VALIDATE_PRODUCT = YES;
			};
			name = Release;
		};
/* End XCBuildConfiguration section */

/* Begin XCConfigurationList section */
		2C559F682DEE4BA600CE07A5 /* Build configuration list for PBXNativeTarget "aotdTests" */ = {
			isa = XCConfigurationList;
			buildConfigurations = (
				2C559F662DEE4BA600CE07A5 /* Debug */,
				2C559F672DEE4BA600CE07A5 /* Release */,
			);
			defaultConfigurationIsVisible = 0;
			defaultConfigurationName = Release;
		};
		2C9B04092DEE3F3000085429 /* Build configuration list for PBXProject "aotd" */ = {
			isa = XCConfigurationList;
			buildConfigurations = (
				2C9B04242DEE3F3200085429 /* Debug */,
				2C9B04252DEE3F3200085429 /* Release */,
			);
			defaultConfigurationIsVisible = 0;
			defaultConfigurationName = Release;
		};
		2C9B04212DEE3F3200085429 /* Build configuration list for PBXNativeTarget "aotd" */ = {
			isa = XCConfigurationList;
			buildConfigurations = (
				2C9B04222DEE3F3200085429 /* Debug */,
				2C9B04232DEE3F3200085429 /* Release */,
			);
			defaultConfigurationIsVisible = 0;
			defaultConfigurationName = Release;
		};
/* End XCConfigurationList section */

/* Begin XCRemoteSwiftPackageReference section */
		2C7C86652E04760E006A9728 /* XCRemoteSwiftPackageReference "purchases-ios-spm" */ = {
			isa = XCRemoteSwiftPackageReference;
			repositoryURL = "https://github.com/RevenueCat/purchases-ios-spm.git";
			requirement = {
				kind = upToNextMajorVersion;
				minimumVersion = 5.29.0;
			};
		};
		2C86AE3B2E015FB9000A71E2 /* XCRemoteSwiftPackageReference "mlx-swift" */ = {
			isa = XCRemoteSwiftPackageReference;
			repositoryURL = "https://github.com/ml-explore/mlx-swift.git";
			requirement = {
				kind = upToNextMajorVersion;
				minimumVersion = 0.25.4;
			};
		};
		2C9298B62E01EFFF008FA7C5 /* XCRemoteSwiftPackageReference "mlx-swift-examples" */ = {
			isa = XCRemoteSwiftPackageReference;
			repositoryURL = "https://github.com/ml-explore/mlx-swift-examples";
			requirement = {
				kind = upToNextMajorVersion;
				minimumVersion = 2.25.4;
			};
		};
		2CA5C5AF2DEE412F002AD8E9 /* XCRemoteSwiftPackageReference "GRDB.swift" */ = {
			isa = XCRemoteSwiftPackageReference;
			repositoryURL = "https://github.com/groue/GRDB.swift.git";
			requirement = {
				branch = master;
				kind = branch;
			};
		};
/* End XCRemoteSwiftPackageReference section */

/* Begin XCSwiftPackageProductDependency section */
		2C7C86662E04760E006A9728 /* RevenueCat */ = {
			isa = XCSwiftPackageProductDependency;
			package = 2C7C86652E04760E006A9728 /* XCRemoteSwiftPackageReference "purchases-ios-spm" */;
			productName = RevenueCat;
		};
		2C86AE3C2E015FB9000A71E2 /* MLX */ = {
			isa = XCSwiftPackageProductDependency;
			package = 2C86AE3B2E015FB9000A71E2 /* XCRemoteSwiftPackageReference "mlx-swift" */;
			productName = MLX;
		};
		2C86AE3E2E015FB9000A71E2 /* MLXFFT */ = {
			isa = XCSwiftPackageProductDependency;
			package = 2C86AE3B2E015FB9000A71E2 /* XCRemoteSwiftPackageReference "mlx-swift" */;
			productName = MLXFFT;
		};
		2C86AE402E015FB9000A71E2 /* MLXLinalg */ = {
			isa = XCSwiftPackageProductDependency;
			package = 2C86AE3B2E015FB9000A71E2 /* XCRemoteSwiftPackageReference "mlx-swift" */;
			productName = MLXLinalg;
		};
		2C86AE422E015FB9000A71E2 /* MLXNN */ = {
			isa = XCSwiftPackageProductDependency;
			package = 2C86AE3B2E015FB9000A71E2 /* XCRemoteSwiftPackageReference "mlx-swift" */;
			productName = MLXNN;
		};
		2C9298B72E01EFFF008FA7C5 /* MLXLLM */ = {
			isa = XCSwiftPackageProductDependency;
			package = 2C9298B62E01EFFF008FA7C5 /* XCRemoteSwiftPackageReference "mlx-swift-examples" */;
			productName = MLXLLM;
		};
		2C9298B92E01EFFF008FA7C5 /* MLXLMCommon */ = {
			isa = XCSwiftPackageProductDependency;
			package = 2C9298B62E01EFFF008FA7C5 /* XCRemoteSwiftPackageReference "mlx-swift-examples" */;
			productName = MLXLMCommon;
		};
		2CA5C5B02DEE412F002AD8E9 /* GRDB */ = {
			isa = XCSwiftPackageProductDependency;
			package = 2CA5C5AF2DEE412F002AD8E9 /* XCRemoteSwiftPackageReference "GRDB.swift" */;
			productName = GRDB;
		};
/* End XCSwiftPackageProductDependency section */
	};
	rootObject = 2C9B04062DEE3F3000085429 /* Project object */;
}
